
Microsoft Visual Studio Solution File, Format Version 12.00
# Visual Studio Version 16
VisualStudioVersion = 16.0.30907.101
MinimumVisualStudioVersion = 10.0.40219.1
Project("{FAE04EC0-301F-11D3-BF4B-00C04F79EFBC}") = "EasyCaptcha", "EasyCaptcha\EasyCaptcha.csproj", "{CE767C3F-5FF9-49B2-927E-D37A3F8C1806}"
EndProject
Global
	GlobalSection(SolutionConfigurationPlatforms) = preSolution
		Debug|Any CPU = Debug|Any CPU
		Release|Any CPU = Release|Any CPU
	EndGlobalSection
	GlobalSection(ProjectConfigurationPlatforms) = postSolution
		{CE767C3F-5FF9-49B2-927E-D37A3F8C1806}.Debug|Any CPU.ActiveCfg = Debug|Any CPU
		{CE767C3F-5FF9-49B2-927E-D37A3F8C1806}.Debug|Any CPU.Build.0 = Debug|Any CPU
		{CE767C3F-5FF9-49B2-927E-D37A3F8C1806}.Release|Any CPU.ActiveCfg = Release|Any CPU
		{CE767C3F-5FF9-49B2-927E-D37A3F8C1806}.Release|Any CPU.Build.0 = Release|Any CPU
	EndGlobalSection
	GlobalSection(SolutionProperties) = preSolution
		HideSolutionNode = FALSE
	EndGlobalSection
	GlobalSection(ExtensibilityGlobals) = postSolution
		SolutionGuid = {BE6CA516-2F98-4DE6-8DEA-9A4A5E9E8042}
	EndGlobalSection
EndGlobal
